
Microsoft Visual Studio Solution File, Format Version 12.00
# Visual Studio Version 17
VisualStudioVersion = 17.0.31903.59
MinimumVisualStudioVersion = 10.0.40219.1
Project("{2150E333-8FDC-42A3-9474-1A3956D46DE8}") = "src", "src", "{3F25A223-D4A0-4221-BF0C-F96AD568332C}"
EndProject
Project("{FAE04EC0-301F-11D3-BF4B-00C04F79EFBC}") = "ReperioNet", "src\ReperioNet\ReperioNet.csproj", "{D7A7B94E-4F12-4DB3-95C9-C87F7AFAED08}"
EndProject
Project("{2150E333-8FDC-42A3-9474-1A3956D46DE8}") = "tests", "tests", "{0A844B6F-83AD-4E12-A3D9-832BAE1CF21D}"
EndProject
Project("{FAE04EC0-301F-11D3-BF4B-00C04F79EFBC}") = "ReperioNet.Tests", "tests\ReperioNet.Tests\ReperioNet.Tests.csproj", "{E7F0DB2B-40C7-4E90-947A-3E09341D6992}"
EndProject
Project("{FAE04EC0-301F-11D3-BF4B-00C04F79EFBC}") = "ReperioNet.Languages.Da", "src\ReperioNet.Languages.Da\ReperioNet.Languages.Da.csproj", "{5D9AAD97-3C6B-4DE9-B17E-D428463F7C53}"
EndProject
Project("{FAE04EC0-301F-11D3-BF4B-00C04F79EFBC}") = "ReperioNet.Languages.De", "src\ReperioNet.Languages.De\ReperioNet.Languages.De.csproj", "{B1001C22-BBEC-43EB-92E6-7F17C5ACD06C}"
EndProject
Project("{FAE04EC0-301F-11D3-BF4B-00C04F79EFBC}") = "ReperioNet.Languages.En", "src\ReperioNet.Languages.En\ReperioNet.Languages.En.csproj", "{525972BB-A781-4940-A816-44353D215E53}"
EndProject
Project("{FAE04EC0-301F-11D3-BF4B-00C04F79EFBC}") = "ReperioNet.Languages.Es", "src\ReperioNet.Languages.Es\ReperioNet.Languages.Es.csproj", "{B6CF6574-C477-4969-8000-25D269D69497}"
EndProject
Project("{FAE04EC0-301F-11D3-BF4B-00C04F79EFBC}") = "ReperioNet.Languages.Fi", "src\ReperioNet.Languages.Fi\ReperioNet.Languages.Fi.csproj", "{E2E7AB42-1158-4AD9-90E5-C8125E3A8C2A}"
EndProject
Project("{FAE04EC0-301F-11D3-BF4B-00C04F79EFBC}") = "ReperioNet.Languages.Fr", "src\ReperioNet.Languages.Fr\ReperioNet.Languages.Fr.csproj", "{9C61114C-3A9A-4B22-A6B0-3DF2C479EC43}"
EndProject
Project("{FAE04EC0-301F-11D3-BF4B-00C04F79EFBC}") = "ReperioNet.Languages.Hu", "src\ReperioNet.Languages.Hu\ReperioNet.Languages.Hu.csproj", "{52000E22-FC83-45CA-9856-8E2760D0BE38}"
EndProject
Project("{FAE04EC0-301F-11D3-BF4B-00C04F79EFBC}") = "ReperioNet.Languages.It", "src\ReperioNet.Languages.It\ReperioNet.Languages.It.csproj", "{BDCB6222-F540-4FC2-822B-B9CD8984DE97}"
EndProject
Project("{FAE04EC0-301F-11D3-BF4B-00C04F79EFBC}") = "ReperioNet.Languages.Nl", "src\ReperioNet.Languages.Nl\ReperioNet.Languages.Nl.csproj", "{33E87BFF-DBC9-4A7F-A7D0-B004BD304FB5}"
EndProject
Project("{FAE04EC0-301F-11D3-BF4B-00C04F79EFBC}") = "ReperioNet.Languages.No", "src\ReperioNet.Languages.No\ReperioNet.Languages.No.csproj", "{A9B0B4E7-FACF-43C0-943D-EDF718769F5D}"
EndProject
Project("{FAE04EC0-301F-11D3-BF4B-00C04F79EFBC}") = "ReperioNet.Languages.Pt", "src\ReperioNet.Languages.Pt\ReperioNet.Languages.Pt.csproj", "{47A53C7D-F81D-47E3-8FE9-10CDF093B64D}"
EndProject
Project("{FAE04EC0-301F-11D3-BF4B-00C04F79EFBC}") = "ReperioNet.Languages.Ro", "src\ReperioNet.Languages.Ro\ReperioNet.Languages.Ro.csproj", "{4DEB73CC-19D5-41F6-B5F9-AD149DB34E20}"
EndProject
Project("{FAE04EC0-301F-11D3-BF4B-00C04F79EFBC}") = "ReperioNet.Languages.Ru", "src\ReperioNet.Languages.Ru\ReperioNet.Languages.Ru.csproj", "{1E7CF6E4-62E7-41DF-9FD9-0E1EC7DCCD26}"
EndProject
Project("{FAE04EC0-301F-11D3-BF4B-00C04F79EFBC}") = "ReperioNet.Languages.Sv", "src\ReperioNet.Languages.Sv\ReperioNet.Languages.Sv.csproj", "{EF8287A4-7BF5-4296-B240-46E768CEFCCC}"
EndProject
Project("{FAE04EC0-301F-11D3-BF4B-00C04F79EFBC}") = "ReperioNet.Languages.Tr", "src\ReperioNet.Languages.Tr\ReperioNet.Languages.Tr.csproj", "{51C82803-6EA1-4B67-B251-77E69DA3E6AD}"
EndProject
Project("{FAE04EC0-301F-11D3-BF4B-00C04F79EFBC}") = "ReperioNet.Languages.Tests", "tests\ReperioNet.Languages.Tests\ReperioNet.Languages.Tests.csproj", "{11DD18A1-9F7C-4961-BC19-EAD02FDD683F}"
EndProject
Project("{FAE04EC0-301F-11D3-BF4B-00C04F79EFBC}") = "ReperioNet.Languages.All", "src\ReperioNet.Languages.All\ReperioNet.Languages.All.csproj", "{9723EFDF-B21C-4A67-916C-1068D00630B8}"
EndProject
Project("{FAE04EC0-301F-11D3-BF4B-00C04F79EFBC}") = "ReperioNet.LanguageDetection", "src\ReperioNet.LanguageDetection\ReperioNet.LanguageDetection.csproj", "{C5B6B0F3-81DA-4AFA-8E0B-D0D027536904}"
EndProject
Project("{2150E333-8FDC-42A3-9474-1A3956D46DE8}") = "samples", "samples", "{5CF5EBBE-292D-4B0B-8C0A-2E0A93F62263}"
EndProject
Project("{FAE04EC0-301F-11D3-BF4B-00C04F79EFBC}") = "ReperioNet.Sample.Console", "samples\ReperioNet.Sample.Console\ReperioNet.Sample.Console.csproj", "{86E0A006-2D14-4866-A681-B25FB5BBC6E1}"
EndProject
Global
	GlobalSection(SolutionConfigurationPlatforms) = preSolution
		Debug|Any CPU = Debug|Any CPU
		Release|Any CPU = Release|Any CPU
	EndGlobalSection
	GlobalSection(SolutionProperties) = preSolution
		HideSolutionNode = FALSE
	EndGlobalSection
	GlobalSection(ProjectConfigurationPlatforms) = postSolution
		{D7A7B94E-4F12-4DB3-95C9-C87F7AFAED08}.Debug|Any CPU.ActiveCfg = Debug|Any CPU
		{D7A7B94E-4F12-4DB3-95C9-C87F7AFAED08}.Debug|Any CPU.Build.0 = Debug|Any CPU
		{D7A7B94E-4F12-4DB3-95C9-C87F7AFAED08}.Release|Any CPU.ActiveCfg = Release|Any CPU
		{D7A7B94E-4F12-4DB3-95C9-C87F7AFAED08}.Release|Any CPU.Build.0 = Release|Any CPU
		{E7F0DB2B-40C7-4E90-947A-3E09341D6992}.Debug|Any CPU.ActiveCfg = Debug|Any CPU
		{E7F0DB2B-40C7-4E90-947A-3E09341D6992}.Debug|Any CPU.Build.0 = Debug|Any CPU
		{E7F0DB2B-40C7-4E90-947A-3E09341D6992}.Release|Any CPU.ActiveCfg = Release|Any CPU
		{E7F0DB2B-40C7-4E90-947A-3E09341D6992}.Release|Any CPU.Build.0 = Release|Any CPU
		{5D9AAD97-3C6B-4DE9-B17E-D428463F7C53}.Debug|Any CPU.ActiveCfg = Debug|Any CPU
		{5D9AAD97-3C6B-4DE9-B17E-D428463F7C53}.Debug|Any CPU.Build.0 = Debug|Any CPU
		{5D9AAD97-3C6B-4DE9-B17E-D428463F7C53}.Release|Any CPU.ActiveCfg = Release|Any CPU
		{5D9AAD97-3C6B-4DE9-B17E-D428463F7C53}.Release|Any CPU.Build.0 = Release|Any CPU
		{B1001C22-BBEC-43EB-92E6-7F17C5ACD06C}.Debug|Any CPU.ActiveCfg = Debug|Any CPU
		{B1001C22-BBEC-43EB-92E6-7F17C5ACD06C}.Debug|Any CPU.Build.0 = Debug|Any CPU
		{B1001C22-BBEC-43EB-92E6-7F17C5ACD06C}.Release|Any CPU.ActiveCfg = Release|Any CPU
		{B1001C22-BBEC-43EB-92E6-7F17C5ACD06C}.Release|Any CPU.Build.0 = Release|Any CPU
		{525972BB-A781-4940-A816-44353D215E53}.Debug|Any CPU.ActiveCfg = Debug|Any CPU
		{525972BB-A781-4940-A816-44353D215E53}.Debug|Any CPU.Build.0 = Debug|Any CPU
		{525972BB-A781-4940-A816-44353D215E53}.Release|Any CPU.ActiveCfg = Release|Any CPU
		{525972BB-A781-4940-A816-44353D215E53}.Release|Any CPU.Build.0 = Release|Any CPU
		{B6CF6574-C477-4969-8000-25D269D69497}.Debug|Any CPU.ActiveCfg = Debug|Any CPU
		{B6CF6574-C477-4969-8000-25D269D69497}.Debug|Any CPU.Build.0 = Debug|Any CPU
		{B6CF6574-C477-4969-8000-25D269D69497}.Release|Any CPU.ActiveCfg = Release|Any CPU
		{B6CF6574-C477-4969-8000-25D269D69497}.Release|Any CPU.Build.0 = Release|Any CPU
		{E2E7AB42-1158-4AD9-90E5-C8125E3A8C2A}.Debug|Any CPU.ActiveCfg = Debug|Any CPU
		{E2E7AB42-1158-4AD9-90E5-C8125E3A8C2A}.Debug|Any CPU.Build.0 = Debug|Any CPU
		{E2E7AB42-1158-4AD9-90E5-C8125E3A8C2A}.Release|Any CPU.ActiveCfg = Release|Any CPU
		{E2E7AB42-1158-4AD9-90E5-C8125E3A8C2A}.Release|Any CPU.Build.0 = Release|Any CPU
		{9C61114C-3A9A-4B22-A6B0-3DF2C479EC43}.Debug|Any CPU.ActiveCfg = Debug|Any CPU
		{9C61114C-3A9A-4B22-A6B0-3DF2C479EC43}.Debug|Any CPU.Build.0 = Debug|Any CPU
		{9C61114C-3A9A-4B22-A6B0-3DF2C479EC43}.Release|Any CPU.ActiveCfg = Release|Any CPU
		{9C61114C-3A9A-4B22-A6B0-3DF2C479EC43}.Release|Any CPU.Build.0 = Release|Any CPU
		{52000E22-FC83-45CA-9856-8E2760D0BE38}.Debug|Any CPU.ActiveCfg = Debug|Any CPU
		{52000E22-FC83-45CA-9856-8E2760D0BE38}.Debug|Any CPU.Build.0 = Debug|Any CPU
		{52000E22-FC83-45CA-9856-8E2760D0BE38}.Release|Any CPU.ActiveCfg = Release|Any CPU
		{52000E22-FC83-45CA-9856-8E2760D0BE38}.Release|Any CPU.Build.0 = Release|Any CPU
		{BDCB6222-F540-4FC2-822B-B9CD8984DE97}.Debug|Any CPU.ActiveCfg = Debug|Any CPU
		{BDCB6222-F540-4FC2-822B-B9CD8984DE97}.Debug|Any CPU.Build.0 = Debug|Any CPU
		{BDCB6222-F540-4FC2-822B-B9CD8984DE97}.Release|Any CPU.ActiveCfg = Release|Any CPU
		{BDCB6222-F540-4FC2-822B-B9CD8984DE97}.Release|Any CPU.Build.0 = Release|Any CPU
		{33E87BFF-DBC9-4A7F-A7D0-B004BD304FB5}.Debug|Any CPU.ActiveCfg = Debug|Any CPU
		{33E87BFF-DBC9-4A7F-A7D0-B004BD304FB5}.Debug|Any CPU.Build.0 = Debug|Any CPU
		{33E87BFF-DBC9-4A7F-A7D0-B004BD304FB5}.Release|Any CPU.ActiveCfg = Release|Any CPU
		{33E87BFF-DBC9-4A7F-A7D0-B004BD304FB5}.Release|Any CPU.Build.0 = Release|Any CPU
		{A9B0B4E7-FACF-43C0-943D-EDF718769F5D}.Debug|Any CPU.ActiveCfg = Debug|Any CPU
		{A9B0B4E7-FACF-43C0-943D-EDF718769F5D}.Debug|Any CPU.Build.0 = Debug|Any CPU
		{A9B0B4E7-FACF-43C0-943D-EDF718769F5D}.Release|Any CPU.ActiveCfg = Release|Any CPU
		{A9B0B4E7-FACF-43C0-943D-EDF718769F5D}.Release|Any CPU.Build.0 = Release|Any CPU
		{47A53C7D-F81D-47E3-8FE9-10CDF093B64D}.Debug|Any CPU.ActiveCfg = Debug|Any CPU
		{47A53C7D-F81D-47E3-8FE9-10CDF093B64D}.Debug|Any CPU.Build.0 = Debug|Any CPU
		{47A53C7D-F81D-47E3-8FE9-10CDF093B64D}.Release|Any CPU.ActiveCfg = Release|Any CPU
		{47A53C7D-F81D-47E3-8FE9-10CDF093B64D}.Release|Any CPU.Build.0 = Release|Any CPU
		{4DEB73CC-19D5-41F6-B5F9-AD149DB34E20}.Debug|Any CPU.ActiveCfg = Debug|Any CPU
		{4DEB73CC-19D5-41F6-B5F9-AD149DB34E20}.Debug|Any CPU.Build.0 = Debug|Any CPU
		{4DEB73CC-19D5-41F6-B5F9-AD149DB34E20}.Release|Any CPU.ActiveCfg = Release|Any CPU
		{4DEB73CC-19D5-41F6-B5F9-AD149DB34E20}.Release|Any CPU.Build.0 = Release|Any CPU
		{1E7CF6E4-62E7-41DF-9FD9-0E1EC7DCCD26}.Debug|Any CPU.ActiveCfg = Debug|Any CPU
		{1E7CF6E4-62E7-41DF-9FD9-0E1EC7DCCD26}.Debug|Any CPU.Build.0 = Debug|Any CPU
		{1E7CF6E4-62E7-41DF-9FD9-0E1EC7DCCD26}.Release|Any CPU.ActiveCfg = Release|Any CPU
		{1E7CF6E4-62E7-41DF-9FD9-0E1EC7DCCD26}.Release|Any CPU.Build.0 = Release|Any CPU
		{EF8287A4-7BF5-4296-B240-46E768CEFCCC}.Debug|Any CPU.ActiveCfg = Debug|Any CPU
		{EF8287A4-7BF5-4296-B240-46E768CEFCCC}.Debug|Any CPU.Build.0 = Debug|Any CPU
		{EF8287A4-7BF5-4296-B240-46E768CEFCCC}.Release|Any CPU.ActiveCfg = Release|Any CPU
		{EF8287A4-7BF5-4296-B240-46E768CEFCCC}.Release|Any CPU.Build.0 = Release|Any CPU
		{51C82803-6EA1-4B67-B251-77E69DA3E6AD}.Debug|Any CPU.ActiveCfg = Debug|Any CPU
		{51C82803-6EA1-4B67-B251-77E69DA3E6AD}.Debug|Any CPU.Build.0 = Debug|Any CPU
		{51C82803-6EA1-4B67-B251-77E69DA3E6AD}.Release|Any CPU.ActiveCfg = Release|Any CPU
		{51C82803-6EA1-4B67-B251-77E69DA3E6AD}.Release|Any CPU.Build.0 = Release|Any CPU
		{11DD18A1-9F7C-4961-BC19-EAD02FDD683F}.Debug|Any CPU.ActiveCfg = Debug|Any CPU
		{11DD18A1-9F7C-4961-BC19-EAD02FDD683F}.Debug|Any CPU.Build.0 = Debug|Any CPU
		{11DD18A1-9F7C-4961-BC19-EAD02FDD683F}.Release|Any CPU.ActiveCfg = Release|Any CPU
		{11DD18A1-9F7C-4961-BC19-EAD02FDD683F}.Release|Any CPU.Build.0 = Release|Any CPU
		{9723EFDF-B21C-4A67-916C-1068D00630B8}.Debug|Any CPU.ActiveCfg = Debug|Any CPU
		{9723EFDF-B21C-4A67-916C-1068D00630B8}.Debug|Any CPU.Build.0 = Debug|Any CPU
		{9723EFDF-B21C-4A67-916C-1068D00630B8}.Release|Any CPU.ActiveCfg = Release|Any CPU
		{9723EFDF-B21C-4A67-916C-1068D00630B8}.Release|Any CPU.Build.0 = Release|Any CPU
		{C5B6B0F3-81DA-4AFA-8E0B-D0D027536904}.Debug|Any CPU.ActiveCfg = Debug|Any CPU
		{C5B6B0F3-81DA-4AFA-8E0B-D0D027536904}.Debug|Any CPU.Build.0 = Debug|Any CPU
		{C5B6B0F3-81DA-4AFA-8E0B-D0D027536904}.Release|Any CPU.ActiveCfg = Release|Any CPU
		{C5B6B0F3-81DA-4AFA-8E0B-D0D027536904}.Release|Any CPU.Build.0 = Release|Any CPU
		{86E0A006-2D14-4866-A681-B25FB5BBC6E1}.Debug|Any CPU.ActiveCfg = Debug|Any CPU
		{86E0A006-2D14-4866-A681-B25FB5BBC6E1}.Debug|Any CPU.Build.0 = Debug|Any CPU
		{86E0A006-2D14-4866-A681-B25FB5BBC6E1}.Release|Any CPU.ActiveCfg = Release|Any CPU
		{86E0A006-2D14-4866-A681-B25FB5BBC6E1}.Release|Any CPU.Build.0 = Release|Any CPU
	EndGlobalSection
	GlobalSection(NestedProjects) = preSolution
		{D7A7B94E-4F12-4DB3-95C9-C87F7AFAED08} = {3F25A223-D4A0-4221-BF0C-F96AD568332C}
		{E7F0DB2B-40C7-4E90-947A-3E09341D6992} = {0A844B6F-83AD-4E12-A3D9-832BAE1CF21D}
		{5D9AAD97-3C6B-4DE9-B17E-D428463F7C53} = {3F25A223-D4A0-4221-BF0C-F96AD568332C}
		{B1001C22-BBEC-43EB-92E6-7F17C5ACD06C} = {3F25A223-D4A0-4221-BF0C-F96AD568332C}
		{525972BB-A781-4940-A816-44353D215E53} = {3F25A223-D4A0-4221-BF0C-F96AD568332C}
		{B6CF6574-C477-4969-8000-25D269D69497} = {3F25A223-D4A0-4221-BF0C-F96AD568332C}
		{E2E7AB42-1158-4AD9-90E5-C8125E3A8C2A} = {3F25A223-D4A0-4221-BF0C-F96AD568332C}
		{9C61114C-3A9A-4B22-A6B0-3DF2C479EC43} = {3F25A223-D4A0-4221-BF0C-F96AD568332C}
		{52000E22-FC83-45CA-9856-8E2760D0BE38} = {3F25A223-D4A0-4221-BF0C-F96AD568332C}
		{BDCB6222-F540-4FC2-822B-B9CD8984DE97} = {3F25A223-D4A0-4221-BF0C-F96AD568332C}
		{33E87BFF-DBC9-4A7F-A7D0-B004BD304FB5} = {3F25A223-D4A0-4221-BF0C-F96AD568332C}
		{A9B0B4E7-FACF-43C0-943D-EDF718769F5D} = {3F25A223-D4A0-4221-BF0C-F96AD568332C}
		{47A53C7D-F81D-47E3-8FE9-10CDF093B64D} = {3F25A223-D4A0-4221-BF0C-F96AD568332C}
		{4DEB73CC-19D5-41F6-B5F9-AD149DB34E20} = {3F25A223-D4A0-4221-BF0C-F96AD568332C}
		{1E7CF6E4-62E7-41DF-9FD9-0E1EC7DCCD26} = {3F25A223-D4A0-4221-BF0C-F96AD568332C}
		{EF8287A4-7BF5-4296-B240-46E768CEFCCC} = {3F25A223-D4A0-4221-BF0C-F96AD568332C}
		{51C82803-6EA1-4B67-B251-77E69DA3E6AD} = {3F25A223-D4A0-4221-BF0C-F96AD568332C}
		{11DD18A1-9F7C-4961-BC19-EAD02FDD683F} = {0A844B6F-83AD-4E12-A3D9-832BAE1CF21D}
		{9723EFDF-B21C-4A67-916C-1068D00630B8} = {3F25A223-D4A0-4221-BF0C-F96AD568332C}
		{C5B6B0F3-81DA-4AFA-8E0B-D0D027536904} = {3F25A223-D4A0-4221-BF0C-F96AD568332C}
		{86E0A006-2D14-4866-A681-B25FB5BBC6E1} = {5CF5EBBE-292D-4B0B-8C0A-2E0A93F62263}
	EndGlobalSection
EndGlobal
